// !$*UTF8*$!
{
	archiveVersion = 1;
	classes = {
	};
	objectVersion = 51;
	objects = {

/* Begin PBXBuildFile section */
		CFBEA30B2446AC720085B1C4 /* Home.storyboard in Resources */ = {isa = PBXBuildFile; fileRef = CFBEA30A2446AC720085B1C4 /* Home.storyboard */; };
		CFBEA30D2446AFDB0085B1C4 /* HomeViewController.swift in Sources */ = {isa = PBXBuildFile; fileRef = CFBEA30C2446AFDB0085B1C4 /* HomeViewController.swift */; };
		CFBEA30F2446B0F00085B1C4 /* Load.storyboard in Resources */ = {isa = PBXBuildFile; fileRef = CFBEA30E2446B0F00085B1C4 /* Load.storyboard */; };
		CFD674A72446976700209CAF /* AppDelegate.swift in Sources */ = {isa = PBXBuildFile; fileRef = CFD674A62446976700209CAF /* AppDelegate.swift */; };
		CFD674A92446976700209CAF /* SceneDelegate.swift in Sources */ = {isa = PBXBuildFile; fileRef = CFD674A82446976700209CAF /* SceneDelegate.swift */; };
		CFD674AB2446976700209CAF /* ViewController.swift in Sources */ = {isa = PBXBuildFile; fileRef = CFD674AA2446976700209CAF /* ViewController.swift */; };
		CFD674AE2446976700209CAF /* Main.storyboard in Resources */ = {isa = PBXBuildFile; fileRef = CFD674AC2446976700209CAF /* Main.storyboard */; };
		CFD674B02446976800209CAF /* Assets.xcassets in Resources */ = {isa = PBXBuildFile; fileRef = CFD674AF2446976800209CAF /* Assets.xcassets */; };
		CFD674B32446976800209CAF /* LaunchScreen.storyboard in Resources */ = {isa = PBXBuildFile; fileRef = CFD674B12446976800209CAF /* LaunchScreen.storyboard */; };
		CFD674BB2446980E00209CAF /* GoogleService-Info.plist in Resources */ = {isa = PBXBuildFile; fileRef = CFD674BA2446980E00209CAF /* GoogleService-Info.plist */; };
		E115385B5AE043E0BF6F9C78 /* Pods_CatsGram.framework in Frameworks */ = {isa = PBXBuildFile; fileRef = 52D3134601CEDA11F35F2681 /* Pods_CatsGram.framework */; };
/* End PBXBuildFile section */

/* Begin PBXFileReference section */
		52D3134601CEDA11F35F2681 /* Pods_CatsGram.framework */ = {isa = PBXFileReference; explicitFileType = wrapper.framework; includeInIndex = 0; path = Pods_CatsGram.framework; sourceTree = BUILT_PRODUCTS_DIR; };
		7E73BA117BDD1C76F8E66C63 /* Pods-CatsGram.release.xcconfig */ = {isa = PBXFileReference; includeInIndex = 1; lastKnownFileType = text.xcconfig; name = "Pods-CatsGram.release.xcconfig"; path = "Target Support Files/Pods-CatsGram/Pods-CatsGram.release.xcconfig"; sourceTree = "<group>"; };
		923C6F405DA84CEB8C53CE6A /* Pods-CatsGram.debug.xcconfig */ = {isa = PBXFileReference; includeInIndex = 1; lastKnownFileType = text.xcconfig; name = "Pods-CatsGram.debug.xcconfig"; path = "Target Support Files/Pods-CatsGram/Pods-CatsGram.debug.xcconfig"; sourceTree = "<group>"; };
		CFBEA30A2446AC720085B1C4 /* Home.storyboard */ = {isa = PBXFileReference; lastKnownFileType = file.storyboard; path = Home.storyboard; sourceTree = "<group>"; };
		CFBEA30C2446AFDB0085B1C4 /* HomeViewController.swift */ = {isa = PBXFileReference; lastKnownFileType = sourcecode.swift; path = HomeViewController.swift; sourceTree = "<group>"; };
		CFBEA30E2446B0F00085B1C4 /* Load.storyboard */ = {isa = PBXFileReference; lastKnownFileType = file.storyboard; path = Load.storyboard; sourceTree = "<group>"; };
		CFD674A32446976700209CAF /* CatsGram.app */ = {isa = PBXFileReference; explicitFileType = wrapper.application; includeInIndex = 0; path = CatsGram.app; sourceTree = BUILT_PRODUCTS_DIR; };
		CFD674A62446976700209CAF /* AppDelegate.swift */ = {isa = PBXFileReference; lastKnownFileType = sourcecode.swift; path = AppDelegate.swift; sourceTree = "<group>"; };
		CFD674A82446976700209CAF /* SceneDelegate.swift */ = {isa = PBXFileReference; lastKnownFileType = sourcecode.swift; path = SceneDelegate.swift; sourceTree = "<group>"; };
		CFD674AA2446976700209CAF /* ViewController.swift */ = {isa = PBXFileReference; lastKnownFileType = sourcecode.swift; path = ViewController.swift; sourceTree = "<group>"; };
		CFD674AD2446976700209CAF /* Base */ = {isa = PBXFileReference; lastKnownFileType = file.storyboard; name = Base; path = Base.lproj/Main.storyboard; sourceTree = "<group>"; };
		CFD674AF2446976800209CAF /* Assets.xcassets */ = {isa = PBXFileReference; lastKnownFileType = folder.assetcatalog; path = Assets.xcassets; sourceTree = "<group>"; };
		CFD674B22446976800209CAF /* Base */ = {isa = PBXFileReference; lastKnownFileType = file.storyboard; name = Base; path = Base.lproj/LaunchScreen.storyboard; sourceTree = "<group>"; };
		CFD674B42446976800209CAF /* Info.plist */ = {isa = PBXFileReference; lastKnownFileType = text.plist.xml; path = Info.plist; sourceTree = "<group>"; };
		CFD674BA2446980E00209CAF /* GoogleService-Info.plist */ = {isa = PBXFileReference; fileEncoding = 4; lastKnownFileType = text.plist.xml; path = "GoogleService-Info.plist"; sourceTree = "<group>"; };
/* End PBXFileReference section */

/* Begin PBXFrameworksBuildPhase section */
		CFD674A02446976700209CAF /* Frameworks */ = {
			isa = PBXFrameworksBuildPhase;
			buildActionMask = 2147483647;
			files = (
				E115385B5AE043E0BF6F9C78 /* Pods_CatsGram.framework in Frameworks */,
			);
			runOnlyForDeploymentPostprocessing = 0;
		};
/* End PBXFrameworksBuildPhase section */

/* Begin PBXGroup section */
		11E481A26C41D476DD1F6695 /* Frameworks */ = {
			isa = PBXGroup;
			children = (
				52D3134601CEDA11F35F2681 /* Pods_CatsGram.framework */,
			);
			name = Frameworks;
			sourceTree = "<group>";
		};
		73F8E271F087664ACA4E768B /* Pods */ = {
			isa = PBXGroup;
			children = (
				923C6F405DA84CEB8C53CE6A /* Pods-CatsGram.debug.xcconfig */,
				7E73BA117BDD1C76F8E66C63 /* Pods-CatsGram.release.xcconfig */,
			);
			path = Pods;
			sourceTree = "<group>";
		};
		CFD6749A2446976700209CAF = {
			isa = PBXGroup;
			children = (
				CFD674A52446976700209CAF /* CatsGram */,
				CFD674A42446976700209CAF /* Products */,
				73F8E271F087664ACA4E768B /* Pods */,
				11E481A26C41D476DD1F6695 /* Frameworks */,
			);
			sourceTree = "<group>";
		};
		CFD674A42446976700209CAF /* Products */ = {
			isa = PBXGroup;
			children = (
				CFD674A32446976700209CAF /* CatsGram.app */,
			);
			name = Products;
			sourceTree = "<group>";
		};
		CFD674A52446976700209CAF /* CatsGram */ = {
			isa = PBXGroup;
			children = (
				CFD674A62446976700209CAF /* AppDelegate.swift */,
				CFD674A82446976700209CAF /* SceneDelegate.swift */,
				CFD674AA2446976700209CAF /* ViewController.swift */,
				CFD674AC2446976700209CAF /* Main.storyboard */,
				CFD674AF2446976800209CAF /* Assets.xcassets */,
				CFD674B12446976800209CAF /* LaunchScreen.storyboard */,
				CFD674B42446976800209CAF /* Info.plist */,
				CFD674BA2446980E00209CAF /* GoogleService-Info.plist */,
				CFBEA30A2446AC720085B1C4 /* Home.storyboard */,
				CFBEA30C2446AFDB0085B1C4 /* HomeViewController.swift */,
				CFBEA30E2446B0F00085B1C4 /* Load.storyboard */,
			);
			path = CatsGram;
			sourceTree = "<group>";
		};
/* End PBXGroup section */

/* Begin PBXNativeTarget section */
		CFD674A22446976700209CAF /* CatsGram */ = {
			isa = PBXNativeTarget;
			buildConfigurationList = CFD674B72446976800209CAF /* Build configuration list for PBXNativeTarget "CatsGram" */;
			buildPhases = (
				B8FDD8FEF0A9A2A5F40E58F7 /* [CP] Check Pods Manifest.lock */,
				CFD6749F2446976700209CAF /* Sources */,
				CFD674A02446976700209CAF /* Frameworks */,
				CFD674A12446976700209CAF /* Resources */,
				95A86D45F46F2D7B25A21229 /* [CP] Embed Pods Frameworks */,
			);
			buildRules = (
			);
			dependencies = (
			);
			name = CatsGram;
			productName = CatsGram;
			productReference = CFD674A32446976700209CAF /* CatsGram.app */;
			productType = "com.apple.product-type.application";
		};
/* End PBXNativeTarget section */

/* Begin PBXProject section */
		CFD6749B2446976700209CAF /* Project object */ = {
			isa = PBXProject;
			attributes = {
				LastSwiftUpdateCheck = 1140;
				LastUpgradeCheck = 1140;
				ORGANIZATIONNAME = Pozolx;
				TargetAttributes = {
					CFD674A22446976700209CAF = {
						CreatedOnToolsVersion = 11.4;
					};
				};
			};
			buildConfigurationList = CFD6749E2446976700209CAF /* Build configuration list for PBXProject "CatsGram" */;
			compatibilityVersion = "Xcode 9.3";
			developmentRegion = en;
			hasScannedForEncodings = 0;
			knownRegions = (
				en,
				Base,
			);
			mainGroup = CFD6749A2446976700209CAF;
			productRefGroup = CFD674A42446976700209CAF /* Products */;
			projectDirPath = "";
			projectRoot = "";
			targets = (
				CFD674A22446976700209CAF /* CatsGram */,
			);
		};
/* End PBXProject section */

/* Begin PBXResourcesBuildPhase section */
		CFD674A12446976700209CAF /* Resources */ = {
			isa = PBXResourcesBuildPhase;
			buildActionMask = 2147483647;
			files = (
				CFBEA30F2446B0F00085B1C4 /* Load.storyboard in Resources */,
				CFD674B32446976800209CAF /* LaunchScreen.storyboard in Resources */,
				CFBEA30B2446AC720085B1C4 /* Home.storyboard in Resources */,
				CFD674BB2446980E00209CAF /* GoogleService-Info.plist in Resources */,
				CFD674B02446976800209CAF /* Assets.xcassets in Resources */,
				CFD674AE2446976700209CAF /* Main.storyboard in Resources */,
			);
			runOnlyForDeploymentPostprocessing = 0;
		};
/* End PBXResourcesBuildPhase section */

/* Begin PBXShellScriptBuildPhase section */
		95A86D45F46F2D7B25A21229 /* [CP] Embed Pods Frameworks */ = {
			isa = PBXShellScriptBuildPhase;
			buildActionMask = 2147483647;
			files = (
			);
			inputFileListPaths = (
				"${PODS_ROOT}/Target Support Files/Pods-CatsGram/Pods-CatsGram-frameworks-${CONFIGURATION}-input-files.xcfilelist",
			);
			name = "[CP] Embed Pods Frameworks";
			outputFileListPaths = (
				"${PODS_ROOT}/Target Support Files/Pods-CatsGram/Pods-CatsGram-frameworks-${CONFIGURATION}-output-files.xcfilelist",
			);
			runOnlyForDeploymentPostprocessing = 0;
			shellPath = /bin/sh;
			shellScript = "\"${PODS_ROOT}/Target Support Files/Pods-CatsGram/Pods-CatsGram-frameworks.sh\"\n";
			showEnvVarsInLog = 0;
		};
		B8FDD8FEF0A9A2A5F40E58F7 /* [CP] Check Pods Manifest.lock */ = {
			isa = PBXShellScriptBuildPhase;
			buildActionMask = 2147483647;
			files = (
			);
			inputFileListPaths = (
			);
			inputPaths = (
				"${PODS_PODFILE_DIR_PATH}/Podfile.lock",
				"${PODS_ROOT}/Manifest.lock",
			);
			name = "[CP] Check Pods Manifest.lock";
			outputFileListPaths = (
			);
			outputPaths = (
				"$(DERIVED_FILE_DIR)/Pods-CatsGram-checkManifestLockResult.txt",
			);
			runOnlyForDeploymentPostprocessing = 0;
			shellPath = /bin/sh;
			shellScript = "diff \"${PODS_PODFILE_DIR_PATH}/Podfile.lock\" \"${PODS_ROOT}/Manifest.lock\" > /dev/null\nif [ $? != 0 ] ; then\n    # print error to STDERR\n    echo \"error: The sandbox is not in sync with the Podfile.lock. Run 'pod install' or update your CocoaPods installation.\" >&2\n    exit 1\nfi\n# This output is used by Xcode 'outputs' to avoid re-running this script phase.\necho \"SUCCESS\" > \"${SCRIPT_OUTPUT_FILE_0}\"\n";
			showEnvVarsInLog = 0;
		};
/* End PBXShellScriptBuildPhase section */

/* Begin PBXSourcesBuildPhase section */
		CFD6749F2446976700209CAF /* Sources */ = {
			isa = PBXSourcesBuildPhase;
			buildActionMask = 2147483647;
			files = (
				CFD674AB2446976700209CAF /* ViewController.swift in Sources */,
				CFD674A72446976700209CAF /* AppDelegate.swift in Sources */,
				CFD674A92446976700209CAF /* SceneDelegate.swift in Sources */,
				CFBEA30D2446AFDB0085B1C4 /* HomeViewController.swift in Sources */,
			);
			runOnlyForDeploymentPostprocessing = 0;
		};
/* End PBXSourcesBuildPhase section */

/* Begin PBXVariantGroup section */
		CFD674AC2446976700209CAF /* Main.storyboard */ = {
			isa = PBXVariantGroup;
			children = (
				CFD674AD2446976700209CAF /* Base */,
			);
			name = Main.storyboard;
			sourceTree = "<group>";
		};
		CFD674B12446976800209CAF /* LaunchScreen.storyboard */ = {
			isa = PBXVariantGroup;
			children = (
				CFD674B22446976800209CAF /* Base */,
			);
			name = LaunchScreen.storyboard;
			sourceTree = "<group>";
		};
/* End PBXVariantGroup section */

/* Begin XCBuildConfiguration section */
		CFD674B52446976800209CAF /* Debug */ = {
			isa = XCBuildConfiguration;
			buildSettings = {
				ALWAYS_SEARCH_USER_PATHS = NO;
				CLANG_ANALYZER_NONNULL = YES;
				CLANG_ANALYZER_NUMBER_OBJECT_CONVERSION = YES_AGGRESSIVE;
				CLANG_CXX_LANGUAGE_STANDARD = "gnu++14";
				CLANG_CXX_LIBRARY = "libc++";
				CLANG_ENABLE_MODULES = YES;
				CLANG_ENABLE_OBJC_ARC = YES;
				CLANG_ENABLE_OBJC_WEAK = YES;
				CLANG_WARN_BLOCK_CAPTURE_AUTORELEASING = YES;
				CLANG_WARN_BOOL_CONVERSION = YES;
				CLANG_WARN_COMMA = YES;
				CLANG_WARN_CONSTANT_CONVERSION = YES;
				CLANG_WARN_DEPRECATED_OBJC_IMPLEMENTATIONS = YES;
				CLANG_WARN_DIRECT_OBJC_ISA_USAGE = YES_ERROR;
				CLANG_WARN_DOCUMENTATION_COMMENTS = YES;
				CLANG_WARN_EMPTY_BODY = YES;
				CLANG_WARN_ENUM_CONVERSION = YES;
				CLANG_WARN_INFINITE_RECURSION = YES;
				CLANG_WARN_INT_CONVERSION = YES;
				CLANG_WARN_NON_LITERAL_NULL_CONVERSION = YES;
				CLANG_WARN_OBJC_IMPLICIT_RETAIN_SELF = YES;
				CLANG_WARN_OBJC_LITERAL_CONVERSION = YES;
				CLANG_WARN_OBJC_ROOT_CLASS = YES_ERROR;
				CLANG_WARN_RANGE_LOOP_ANALYSIS = YES;
				CLANG_WARN_STRICT_PROTOTYPES = YES;
				CLANG_WARN_SUSPICIOUS_MOVE = YES;
				CLANG_WARN_UNGUARDED_AVAILABILITY = YES_AGGRESSIVE;
				CLANG_WARN_UNREACHABLE_CODE = YES;
				CLANG_WARN__DUPLICATE_METHOD_MATCH = YES;
				COPY_PHASE_STRIP = NO;
				DEBUG_INFORMATION_FORMAT = dwarf;
				ENABLE_STRICT_OBJC_MSGSEND = YES;
				ENABLE_TESTABILITY = YES;
				GCC_C_LANGUAGE_STANDARD = gnu11;
				GCC_DYNAMIC_NO_PIC = NO;
				GCC_NO_COMMON_BLOCKS = YES;
				GCC_OPTIMIZATION_LEVEL = 0;
				GCC_PREPROCESSOR_DEFINITIONS = (
					"DEBUG=1",
					"$(inherited)",
				);
				GCC_WARN_64_TO_32_BIT_CONVERSION = YES;
				GCC_WARN_ABOUT_RETURN_TYPE = YES_ERROR;
				GCC_WARN_UNDECLARED_SELECTOR = YES;
				GCC_WARN_UNINITIALIZED_AUTOS = YES_AGGRESSIVE;
				GCC_WARN_UNUSED_FUNCTION = YES;
				GCC_WARN_UNUSED_VARIABLE = YES;
				IPHONEOS_DEPLOYMENT_TARGET = 13.4;
				MTL_ENABLE_DEBUG_INFO = INCLUDE_SOURCE;
				MTL_FAST_MATH = YES;
				ONLY_ACTIVE_ARCH = YES;
				SDKROOT = iphoneos;
				SWIFT_ACTIVE_COMPILATION_CONDITIONS = DEBUG;
				SWIFT_OPTIMIZATION_LEVEL = "-Onone";
			};
			name = Debug;
		};
		CFD674B62446976800209CAF /* Release */ = {
			isa = XCBuildConfiguration;
			buildSettings = {
				ALWAYS_SEARCH_USER_PATHS = NO;
				CLANG_ANALYZER_NONNULL = YES;
				CLANG_ANALYZER_NUMBER_OBJECT_CONVERSION = YES_AGGRESSIVE;
				CLANG_CXX_LANGUAGE_STANDARD = "gnu++14";
				CLANG_CXX_LIBRARY = "libc++";
				CLANG_ENABLE_MODULES = YES;
				CLANG_ENABLE_OBJC_ARC = YES;
				CLANG_ENABLE_OBJC_WEAK = YES;
				CLANG_WARN_BLOCK_CAPTURE_AUTORELEASING = YES;
				CLANG_WARN_BOOL_CONVERSION = YES;
				CLANG_WARN_COMMA = YES;
				CLANG_WARN_CONSTANT_CONVERSION = YES;
				CLANG_WARN_DEPRECATED_OBJC_IMPLEMENTATIONS = YES;
				CLANG_WARN_DIRECT_OBJC_ISA_USAGE = YES_ERROR;
				CLANG_WARN_DOCUMENTATION_COMMENTS = YES;
				CLANG_WARN_EMPTY_BODY = YES;
				CLANG_WARN_ENUM_CONVERSION = YES;
				CLANG_WARN_INFINITE_RECURSION = YES;
				CLANG_WARN_INT_CONVERSION = YES;
				CLANG_WARN_NON_LITERAL_NULL_CONVERSION = YES;
				CLANG_WARN_OBJC_IMPLICIT_RETAIN_SELF = YES;
				CLANG_WARN_OBJC_LITERAL_CONVERSION = YES;
				CLANG_WARN_OBJC_ROOT_CLASS = YES_ERROR;
				CLANG_WARN_RANGE_LOOP_ANALYSIS = YES;
				CLANG_WARN_STRICT_PROTOTYPES = YES;
				CLANG_WARN_SUSPICIOUS_MOVE = YES;
				CLANG_WARN_UNGUARDED_AVAILABILITY = YES_AGGRESSIVE;
				CLANG_WARN_UNREACHABLE_CODE = YES;
				CLANG_WARN__DUPLICATE_METHOD_MATCH = YES;
				COPY_PHASE_STRIP = NO;
				DEBUG_INFORMATION_FORMAT = "dwarf-with-dsym";
				ENABLE_NS_ASSERTIONS = NO;
				ENABLE_STRICT_OBJC_MSGSEND = YES;
				GCC_C_LANGUAGE_STANDARD = gnu11;
				GCC_NO_COMMON_BLOCKS = YES;
				GCC_WARN_64_TO_32_BIT_CONVERSION = YES;
				GCC_WARN_ABOUT_RETURN_TYPE = YES_ERROR;
				GCC_WARN_UNDECLARED_SELECTOR = YES;
				GCC_WARN_UNINITIALIZED_AUTOS = YES_AGGRESSIVE;
				GCC_WARN_UNUSED_FUNCTION = YES;
				GCC_WARN_UNUSED_VARIABLE = YES;
				IPHONEOS_DEPLOYMENT_TARGET = 13.4;
				MTL_ENABLE_DEBUG_INFO = NO;
				MTL_FAST_MATH = YES;
				SDKROOT = iphoneos;
				SWIFT_COMPILATION_MODE = wholemodule;
				SWIFT_OPTIMIZATION_LEVEL = "-O";
				VALIDATE_PRODUCT = YES;
			};
			name = Release;
		};
		CFD674B82446976800209CAF /* Debug */ = {
			isa = XCBuildConfiguration;
			baseConfigurationReference = 923C6F405DA84CEB8C53CE6A /* Pods-CatsGram.debug.xcconfig */;
			buildSettings = {
				ASSETCATALOG_COMPILER_APPICON_NAME = AppIcon;
				CODE_SIGN_STYLE = Automatic;
				DEVELOPMENT_TEAM = TNSM43P2F3;
				INFOPLIST_FILE = CatsGram/Info.plist;
				LD_RUNPATH_SEARCH_PATHS = (
					"$(inherited)",
					"@executable_path/Frameworks",
				);
				PRODUCT_BUNDLE_IDENTIFIER = com.javiercueto.CatsGram;
				PRODUCT_NAME = "$(TARGET_NAME)";
				SWIFT_VERSION = 5.0;
				TARGETED_DEVICE_FAMILY = "1,2";
			};
			name = Debug;
		};
		CFD674B92446976800209CAF /* Release */ = {
			isa = XCBuildConfiguration;
			baseConfigurationReference = 7E73BA117BDD1C76F8E66C63 /* Pods-CatsGram.release.xcconfig */;
			buildSettings = {
				ASSETCATALOG_COMPILER_APPICON_NAME = AppIcon;
				CODE_SIGN_STYLE = Automatic;
				DEVELOPMENT_TEAM = TNSM43P2F3;
				INFOPLIST_FILE = CatsGram/Info.plist;
				LD_RUNPATH_SEARCH_PATHS = (
					"$(inherited)",
					"@executable_path/Frameworks",
				);
				PRODUCT_BUNDLE_IDENTIFIER = com.javiercueto.CatsGram;
				PRODUCT_NAME = "$(TARGET_NAME)";
				SWIFT_VERSION = 5.0;
				TARGETED_DEVICE_FAMILY = "1,2";
			};
			name = Release;
		};
/* End XCBuildConfiguration section */

/* Begin XCConfigurationList section */
		CFD6749E2446976700209CAF /* Build configuration list for PBXProject "CatsGram" */ = {
			isa = XCConfigurationList;
			buildConfigurations = (
				CFD674B52446976800209CAF /* Debug */,
				CFD674B62446976800209CAF /* Release */,
			);
			defaultConfigurationIsVisible = 0;
			defaultConfigurationName = Release;
		};
		CFD674B72446976800209CAF /* Build configuration list for PBXNativeTarget "CatsGram" */ = {
			isa = XCConfigurationList;
			buildConfigurations = (
				CFD674B82446976800209CAF /* Debug */,
				CFD674B92446976800209CAF /* Release */,
			);
			defaultConfigurationIsVisible = 0;
			defaultConfigurationName = Release;
		};
/* End XCConfigurationList section */
	};
	rootObject = CFD6749B2446976700209CAF /* Project object */;
}
